
Microsoft Visual Studio Solution File, Format Version 12.00
# Visual Studio 15
Project("{FAE04EC0-301F-11D3-BF4B-00C04F79EFBC}") = "Unity.Timeline", "Unity.Timeline.csproj", "{8B9006CF-92A8-5CD9-4072-1C75F76EF84A}"
EndProject
Project("{FAE04EC0-301F-11D3-BF4B-00C04F79EFBC}") = "Unity.Timeline.Editor", "Unity.Timeline.Editor.csproj", "{36B6809C-7955-AD1E-1898-1FABA554CC67}"
EndProject
Project("{FAE04EC0-301F-11D3-BF4B-00C04F79EFBC}") = "Unity.PlasticSCM.Editor", "Unity.PlasticSCM.Editor.csproj", "{F2CC6D7A-1A88-B742-B550-33F74FC3B005}"
EndProject
Project("{FAE04EC0-301F-11D3-BF4B-00C04F79EFBC}") = "Unity.TextMeshPro.Editor", "Unity.TextMeshPro.Editor.csproj", "{1E992E58-2DDE-7AFC-2AB8-590C06C40666}"
EndProject
Project("{FAE04EC0-301F-11D3-BF4B-00C04F79EFBC}") = "Unity.VisualScripting.Flow", "Unity.VisualScripting.Flow.csproj", "{F04CAF40-6F8A-4A9E-CAC2-AC72E5445E0C}"
EndProject
Project("{FAE04EC0-301F-11D3-BF4B-00C04F79EFBC}") = "UnityEditor.UI", "UnityEditor.UI.csproj", "{3208A529-1A72-D419-E3D2-0D4F196A7521}"
EndProject
Project("{FAE04EC0-301F-11D3-BF4B-00C04F79EFBC}") = "Unity.VisualScripting.Core", "Unity.VisualScripting.Core.csproj", "{A41232E5-14FC-53C5-8C78-4AB68509A8BC}"
EndProject
Project("{FAE04EC0-301F-11D3-BF4B-00C04F79EFBC}") = "Unity.VisualScripting.Core.Editor", "Unity.VisualScripting.Core.Editor.csproj", "{0579BE2A-DC02-5598-601F-A8607C73AC87}"
EndProject
Project("{FAE04EC0-301F-11D3-BF4B-00C04F79EFBC}") = "Unity.VisualScripting.Flow.Editor", "Unity.VisualScripting.Flow.Editor.csproj", "{93F2F7ED-A8DE-CFD1-1403-6A38139976F6}"
EndProject
Project("{FAE04EC0-301F-11D3-BF4B-00C04F79EFBC}") = "UnityEditor.TestRunner", "UnityEditor.TestRunner.csproj", "{51ED9C25-10BB-CD58-52AD-CE2FEC9641BE}"
EndProject
Project("{FAE04EC0-301F-11D3-BF4B-00C04F79EFBC}") = "Unity.VisualScripting.SettingsProvider.Editor", "Unity.VisualScripting.SettingsProvider.Editor.csproj", "{F42C075D-978E-CE54-C26E-FDCA04B278E1}"
EndProject
Project("{FAE04EC0-301F-11D3-BF4B-00C04F79EFBC}") = "UnityEngine.TestRunner", "UnityEngine.TestRunner.csproj", "{5F5860E7-2411-B669-7E56-03F0D365E2FA}"
EndProject
Project("{FAE04EC0-301F-11D3-BF4B-00C04F79EFBC}") = "UnityEngine.UI", "UnityEngine.UI.csproj", "{31295EAE-C9F6-E7A1-0D32-15CC0477FDC3}"
EndProject
Project("{FAE04EC0-301F-11D3-BF4B-00C04F79EFBC}") = "Unity.VisualStudio.Editor", "Unity.VisualStudio.Editor.csproj", "{64C16223-4A32-5DCF-2592-A634C770A8ED}"
EndProject
Project("{FAE04EC0-301F-11D3-BF4B-00C04F79EFBC}") = "Unity.TestTools.CodeCoverage.Editor.OpenCover.Model", "Unity.TestTools.CodeCoverage.Editor.OpenCover.Model.csproj", "{34815BD7-F7D9-E93E-BD5C-6826AF8AF1DE}"
EndProject
Project("{FAE04EC0-301F-11D3-BF4B-00C04F79EFBC}") = "Unity.Rider.Editor", "Unity.Rider.Editor.csproj", "{9AA3AA7F-40BB-BF53-38CB-DFA477391887}"
EndProject
Project("{FAE04EC0-301F-11D3-BF4B-00C04F79EFBC}") = "Unity.VisualScripting.State.Editor", "Unity.VisualScripting.State.Editor.csproj", "{80D9DD6C-34FE-0AB5-2347-6B9D3C3BC30B}"
EndProject
Project("{FAE04EC0-301F-11D3-BF4B-00C04F79EFBC}") = "Unity.TestTools.CodeCoverage.Editor", "Unity.TestTools.CodeCoverage.Editor.csproj", "{0515985B-6941-9543-86A9-1E41FD41980E}"
EndProject
Project("{FAE04EC0-301F-11D3-BF4B-00C04F79EFBC}") = "Unity.CollabProxy.Editor", "Unity.CollabProxy.Editor.csproj", "{6BF7A36E-B911-8908-4D1C-002297C22825}"
EndProject
Project("{FAE04EC0-301F-11D3-BF4B-00C04F79EFBC}") = "Unity.VisualScripting.State", "Unity.VisualScripting.State.csproj", "{5A7B27AC-38F6-3BC9-D7E5-D7E7CB898FC9}"
EndProject
Project("{FAE04EC0-301F-11D3-BF4B-00C04F79EFBC}") = "Unity.TextMeshPro", "Unity.TextMeshPro.csproj", "{E82712EE-D374-77D7-35F3-D8319EF24CCB}"
EndProject
Project("{FAE04EC0-301F-11D3-BF4B-00C04F79EFBC}") = "Unity.Performance.Profile-Analyzer.Editor", "Unity.Performance.Profile-Analyzer.Editor.csproj", "{D3D3AD74-9310-1649-2AB9-30E6F4A292B9}"
EndProject
Project("{FAE04EC0-301F-11D3-BF4B-00C04F79EFBC}") = "Unity.VSCode.Editor", "Unity.VSCode.Editor.csproj", "{42716C88-B2D2-7FFC-E4DF-88D46E9E7D99}"
EndProject
Project("{FAE04EC0-301F-11D3-BF4B-00C04F79EFBC}") = "Unity.TestTools.CodeCoverage.Editor.OpenCover.Mono.Reflection", "Unity.TestTools.CodeCoverage.Editor.OpenCover.Mono.Reflection.csproj", "{248EDB0A-3158-2F17-99C8-72C617204CF1}"
EndProject
Project("{FAE04EC0-301F-11D3-BF4B-00C04F79EFBC}") = "Unity.Settings.Editor", "Unity.Settings.Editor.csproj", "{D4C224F6-4474-F59E-34C1-896D8ABEC559}"
EndProject
Project("{FAE04EC0-301F-11D3-BF4B-00C04F79EFBC}") = "Unity.EditorCoroutines.Editor", "Unity.EditorCoroutines.Editor.csproj", "{25F53C28-8B59-49E3-7658-E3E6F4B9C541}"
EndProject
Project("{FAE04EC0-301F-11D3-BF4B-00C04F79EFBC}") = "Unity.VisualScripting.Shared.Editor", "Unity.VisualScripting.Shared.Editor.csproj", "{44317995-3614-39AE-AA50-BEE5DA4139DC}"
EndProject
Project("{FAE04EC0-301F-11D3-BF4B-00C04F79EFBC}") = "Unity.PlasticSCM.Editor.Entities", "Unity.PlasticSCM.Editor.Entities.csproj", "{4D012D88-0179-BC5B-70AF-3FF473A3940C}"
EndProject
Global
	GlobalSection(SolutionConfigurationPlatforms) = preSolution
		Debug|Any CPU = Debug|Any CPU
		Release|Any CPU = Release|Any CPU
	EndGlobalSection
	GlobalSection(ProjectConfigurationPlatforms) = postSolution
		{8B9006CF-92A8-5CD9-4072-1C75F76EF84A}.Debug|Any CPU.ActiveCfg = Debug|Any CPU
		{8B9006CF-92A8-5CD9-4072-1C75F76EF84A}.Debug|Any CPU.Build.0 = Debug|Any CPU
		{8B9006CF-92A8-5CD9-4072-1C75F76EF84A}.Release|Any CPU.ActiveCfg = Release|Any CPU
		{8B9006CF-92A8-5CD9-4072-1C75F76EF84A}.Release|Any CPU.Build.0 = Release|Any CPU
		{36B6809C-7955-AD1E-1898-1FABA554CC67}.Debug|Any CPU.ActiveCfg = Debug|Any CPU
		{36B6809C-7955-AD1E-1898-1FABA554CC67}.Debug|Any CPU.Build.0 = Debug|Any CPU
		{36B6809C-7955-AD1E-1898-1FABA554CC67}.Release|Any CPU.ActiveCfg = Release|Any CPU
		{36B6809C-7955-AD1E-1898-1FABA554CC67}.Release|Any CPU.Build.0 = Release|Any CPU
		{F2CC6D7A-1A88-B742-B550-33F74FC3B005}.Debug|Any CPU.ActiveCfg = Debug|Any CPU
		{F2CC6D7A-1A88-B742-B550-33F74FC3B005}.Debug|Any CPU.Build.0 = Debug|Any CPU
		{F2CC6D7A-1A88-B742-B550-33F74FC3B005}.Release|Any CPU.ActiveCfg = Release|Any CPU
		{F2CC6D7A-1A88-B742-B550-33F74FC3B005}.Release|Any CPU.Build.0 = Release|Any CPU
		{1E992E58-2DDE-7AFC-2AB8-590C06C40666}.Debug|Any CPU.ActiveCfg = Debug|Any CPU
		{1E992E58-2DDE-7AFC-2AB8-590C06C40666}.Debug|Any CPU.Build.0 = Debug|Any CPU
		{1E992E58-2DDE-7AFC-2AB8-590C06C40666}.Release|Any CPU.ActiveCfg = Release|Any CPU
		{1E992E58-2DDE-7AFC-2AB8-590C06C40666}.Release|Any CPU.Build.0 = Release|Any CPU
		{F04CAF40-6F8A-4A9E-CAC2-AC72E5445E0C}.Debug|Any CPU.ActiveCfg = Debug|Any CPU
		{F04CAF40-6F8A-4A9E-CAC2-AC72E5445E0C}.Debug|Any CPU.Build.0 = Debug|Any CPU
		{F04CAF40-6F8A-4A9E-CAC2-AC72E5445E0C}.Release|Any CPU.ActiveCfg = Release|Any CPU
		{F04CAF40-6F8A-4A9E-CAC2-AC72E5445E0C}.Release|Any CPU.Build.0 = Release|Any CPU
		{3208A529-1A72-D419-E3D2-0D4F196A7521}.Debug|Any CPU.ActiveCfg = Debug|Any CPU
		{3208A529-1A72-D419-E3D2-0D4F196A7521}.Debug|Any CPU.Build.0 = Debug|Any CPU
		{3208A529-1A72-D419-E3D2-0D4F196A7521}.Release|Any CPU.ActiveCfg = Release|Any CPU
		{3208A529-1A72-D419-E3D2-0D4F196A7521}.Release|Any CPU.Build.0 = Release|Any CPU
		{A41232E5-14FC-53C5-8C78-4AB68509A8BC}.Debug|Any CPU.ActiveCfg = Debug|Any CPU
		{A41232E5-14FC-53C5-8C78-4AB68509A8BC}.Debug|Any CPU.Build.0 = Debug|Any CPU
		{A41232E5-14FC-53C5-8C78-4AB68509A8BC}.Release|Any CPU.ActiveCfg = Release|Any CPU
		{A41232E5-14FC-53C5-8C78-4AB68509A8BC}.Release|Any CPU.Build.0 = Release|Any CPU
		{0579BE2A-DC02-5598-601F-A8607C73AC87}.Debug|Any CPU.ActiveCfg = Debug|Any CPU
		{0579BE2A-DC02-5598-601F-A8607C73AC87}.Debug|Any CPU.Build.0 = Debug|Any CPU
		{0579BE2A-DC02-5598-601F-A8607C73AC87}.Release|Any CPU.ActiveCfg = Release|Any CPU
		{0579BE2A-DC02-5598-601F-A8607C73AC87}.Release|Any CPU.Build.0 = Release|Any CPU
		{93F2F7ED-A8DE-CFD1-1403-6A38139976F6}.Debug|Any CPU.ActiveCfg = Debug|Any CPU
		{93F2F7ED-A8DE-CFD1-1403-6A38139976F6}.Debug|Any CPU.Build.0 = Debug|Any CPU
		{93F2F7ED-A8DE-CFD1-1403-6A38139976F6}.Release|Any CPU.ActiveCfg = Release|Any CPU
		{93F2F7ED-A8DE-CFD1-1403-6A38139976F6}.Release|Any CPU.Build.0 = Release|Any CPU
		{51ED9C25-10BB-CD58-52AD-CE2FEC9641BE}.Debug|Any CPU.ActiveCfg = Debug|Any CPU
		{51ED9C25-10BB-CD58-52AD-CE2FEC9641BE}.Debug|Any CPU.Build.0 = Debug|Any CPU
		{51ED9C25-10BB-CD58-52AD-CE2FEC9641BE}.Release|Any CPU.ActiveCfg = Release|Any CPU
		{51ED9C25-10BB-CD58-52AD-CE2FEC9641BE}.Release|Any CPU.Build.0 = Release|Any CPU
		{F42C075D-978E-CE54-C26E-FDCA04B278E1}.Debug|Any CPU.ActiveCfg = Debug|Any CPU
		{F42C075D-978E-CE54-C26E-FDCA04B278E1}.Debug|Any CPU.Build.0 = Debug|Any CPU
		{F42C075D-978E-CE54-C26E-FDCA04B278E1}.Release|Any CPU.ActiveCfg = Release|Any CPU
		{F42C075D-978E-CE54-C26E-FDCA04B278E1}.Release|Any CPU.Build.0 = Release|Any CPU
		{5F5860E7-2411-B669-7E56-03F0D365E2FA}.Debug|Any CPU.ActiveCfg = Debug|Any CPU
		{5F5860E7-2411-B669-7E56-03F0D365E2FA}.Debug|Any CPU.Build.0 = Debug|Any CPU
		{5F5860E7-2411-B669-7E56-03F0D365E2FA}.Release|Any CPU.ActiveCfg = Release|Any CPU
		{5F5860E7-2411-B669-7E56-03F0D365E2FA}.Release|Any CPU.Build.0 = Release|Any CPU
		{31295EAE-C9F6-E7A1-0D32-15CC0477FDC3}.Debug|Any CPU.ActiveCfg = Debug|Any CPU
		{31295EAE-C9F6-E7A1-0D32-15CC0477FDC3}.Debug|Any CPU.Build.0 = Debug|Any CPU
		{31295EAE-C9F6-E7A1-0D32-15CC0477FDC3}.Release|Any CPU.ActiveCfg = Release|Any CPU
		{31295EAE-C9F6-E7A1-0D32-15CC0477FDC3}.Release|Any CPU.Build.0 = Release|Any CPU
		{64C16223-4A32-5DCF-2592-A634C770A8ED}.Debug|Any CPU.ActiveCfg = Debug|Any CPU
		{64C16223-4A32-5DCF-2592-A634C770A8ED}.Debug|Any CPU.Build.0 = Debug|Any CPU
		{64C16223-4A32-5DCF-2592-A634C770A8ED}.Release|Any CPU.ActiveCfg = Release|Any CPU
		{64C16223-4A32-5DCF-2592-A634C770A8ED}.Release|Any CPU.Build.0 = Release|Any CPU
		{34815BD7-F7D9-E93E-BD5C-6826AF8AF1DE}.Debug|Any CPU.ActiveCfg = Debug|Any CPU
		{34815BD7-F7D9-E93E-BD5C-6826AF8AF1DE}.Debug|Any CPU.Build.0 = Debug|Any CPU
		{34815BD7-F7D9-E93E-BD5C-6826AF8AF1DE}.Release|Any CPU.ActiveCfg = Release|Any CPU
		{34815BD7-F7D9-E93E-BD5C-6826AF8AF1DE}.Release|Any CPU.Build.0 = Release|Any CPU
		{9AA3AA7F-40BB-BF53-38CB-DFA477391887}.Debug|Any CPU.ActiveCfg = Debug|Any CPU
		{9AA3AA7F-40BB-BF53-38CB-DFA477391887}.Debug|Any CPU.Build.0 = Debug|Any CPU
		{9AA3AA7F-40BB-BF53-38CB-DFA477391887}.Release|Any CPU.ActiveCfg = Release|Any CPU
		{9AA3AA7F-40BB-BF53-38CB-DFA477391887}.Release|Any CPU.Build.0 = Release|Any CPU
		{80D9DD6C-34FE-0AB5-2347-6B9D3C3BC30B}.Debug|Any CPU.ActiveCfg = Debug|Any CPU
		{80D9DD6C-34FE-0AB5-2347-6B9D3C3BC30B}.Debug|Any CPU.Build.0 = Debug|Any CPU
		{80D9DD6C-34FE-0AB5-2347-6B9D3C3BC30B}.Release|Any CPU.ActiveCfg = Release|Any CPU
		{80D9DD6C-34FE-0AB5-2347-6B9D3C3BC30B}.Release|Any CPU.Build.0 = Release|Any CPU
		{0515985B-6941-9543-86A9-1E41FD41980E}.Debug|Any CPU.ActiveCfg = Debug|Any CPU
		{0515985B-6941-9543-86A9-1E41FD41980E}.Debug|Any CPU.Build.0 = Debug|Any CPU
		{0515985B-6941-9543-86A9-1E41FD41980E}.Release|Any CPU.ActiveCfg = Release|Any CPU
		{0515985B-6941-9543-86A9-1E41FD41980E}.Release|Any CPU.Build.0 = Release|Any CPU
		{6BF7A36E-B911-8908-4D1C-002297C22825}.Debug|Any CPU.ActiveCfg = Debug|Any CPU
		{6BF7A36E-B911-8908-4D1C-002297C22825}.Debug|Any CPU.Build.0 = Debug|Any CPU
		{6BF7A36E-B911-8908-4D1C-002297C22825}.Release|Any CPU.ActiveCfg = Release|Any CPU
		{6BF7A36E-B911-8908-4D1C-002297C22825}.Release|Any CPU.Build.0 = Release|Any CPU
		{5A7B27AC-38F6-3BC9-D7E5-D7E7CB898FC9}.Debug|Any CPU.ActiveCfg = Debug|Any CPU
		{5A7B27AC-38F6-3BC9-D7E5-D7E7CB898FC9}.Debug|Any CPU.Build.0 = Debug|Any CPU
		{5A7B27AC-38F6-3BC9-D7E5-D7E7CB898FC9}.Release|Any CPU.ActiveCfg = Release|Any CPU
		{5A7B27AC-38F6-3BC9-D7E5-D7E7CB898FC9}.Release|Any CPU.Build.0 = Release|Any CPU
		{E82712EE-D374-77D7-35F3-D8319EF24CCB}.Debug|Any CPU.ActiveCfg = Debug|Any CPU
		{E82712EE-D374-77D7-35F3-D8319EF24CCB}.Debug|Any CPU.Build.0 = Debug|Any CPU
		{E82712EE-D374-77D7-35F3-D8319EF24CCB}.Release|Any CPU.ActiveCfg = Release|Any CPU
		{E82712EE-D374-77D7-35F3-D8319EF24CCB}.Release|Any CPU.Build.0 = Release|Any CPU
		{D3D3AD74-9310-1649-2AB9-30E6F4A292B9}.Debug|Any CPU.ActiveCfg = Debug|Any CPU
		{D3D3AD74-9310-1649-2AB9-30E6F4A292B9}.Debug|Any CPU.Build.0 = Debug|Any CPU
		{D3D3AD74-9310-1649-2AB9-30E6F4A292B9}.Release|Any CPU.ActiveCfg = Release|Any CPU
		{D3D3AD74-9310-1649-2AB9-30E6F4A292B9}.Release|Any CPU.Build.0 = Release|Any CPU
		{42716C88-B2D2-7FFC-E4DF-88D46E9E7D99}.Debug|Any CPU.ActiveCfg = Debug|Any CPU
		{42716C88-B2D2-7FFC-E4DF-88D46E9E7D99}.Debug|Any CPU.Build.0 = Debug|Any CPU
		{42716C88-B2D2-7FFC-E4DF-88D46E9E7D99}.Release|Any CPU.ActiveCfg = Release|Any CPU
		{42716C88-B2D2-7FFC-E4DF-88D46E9E7D99}.Release|Any CPU.Build.0 = Release|Any CPU
		{248EDB0A-3158-2F17-99C8-72C617204CF1}.Debug|Any CPU.ActiveCfg = Debug|Any CPU
		{248EDB0A-3158-2F17-99C8-72C617204CF1}.Debug|Any CPU.Build.0 = Debug|Any CPU
		{248EDB0A-3158-2F17-99C8-72C617204CF1}.Release|Any CPU.ActiveCfg = Release|Any CPU
		{248EDB0A-3158-2F17-99C8-72C617204CF1}.Release|Any CPU.Build.0 = Release|Any CPU
		{D4C224F6-4474-F59E-34C1-896D8ABEC559}.Debug|Any CPU.ActiveCfg = Debug|Any CPU
		{D4C224F6-4474-F59E-34C1-896D8ABEC559}.Debug|Any CPU.Build.0 = Debug|Any CPU
		{D4C224F6-4474-F59E-34C1-896D8ABEC559}.Release|Any CPU.ActiveCfg = Release|Any CPU
		{D4C224F6-4474-F59E-34C1-896D8ABEC559}.Release|Any CPU.Build.0 = Release|Any CPU
		{25F53C28-8B59-49E3-7658-E3E6F4B9C541}.Debug|Any CPU.ActiveCfg = Debug|Any CPU
		{25F53C28-8B59-49E3-7658-E3E6F4B9C541}.Debug|Any CPU.Build.0 = Debug|Any CPU
		{25F53C28-8B59-49E3-7658-E3E6F4B9C541}.Release|Any CPU.ActiveCfg = Release|Any CPU
		{25F53C28-8B59-49E3-7658-E3E6F4B9C541}.Release|Any CPU.Build.0 = Release|Any CPU
		{44317995-3614-39AE-AA50-BEE5DA4139DC}.Debug|Any CPU.ActiveCfg = Debug|Any CPU
		{44317995-3614-39AE-AA50-BEE5DA4139DC}.Debug|Any CPU.Build.0 = Debug|Any CPU
		{44317995-3614-39AE-AA50-BEE5DA4139DC}.Release|Any CPU.ActiveCfg = Release|Any CPU
		{44317995-3614-39AE-AA50-BEE5DA4139DC}.Release|Any CPU.Build.0 = Release|Any CPU
		{4D012D88-0179-BC5B-70AF-3FF473A3940C}.Debug|Any CPU.ActiveCfg = Debug|Any CPU
		{4D012D88-0179-BC5B-70AF-3FF473A3940C}.Debug|Any CPU.Build.0 = Debug|Any CPU
		{4D012D88-0179-BC5B-70AF-3FF473A3940C}.Release|Any CPU.ActiveCfg = Release|Any CPU
		{4D012D88-0179-BC5B-70AF-3FF473A3940C}.Release|Any CPU.Build.0 = Release|Any CPU
	EndGlobalSection
	GlobalSection(SolutionProperties) = preSolution
		HideSolutionNode = FALSE
	EndGlobalSection
EndGlobal
